{
  "lockfileVersion": 1,
  "configVersion": 1,
  "workspaces": {
    "": {
      "name": "cuse-cli",
      "dependencies": {
        "koffi": "^3.1.6",
      },
      "devDependencies": {
        "electron": "^43.4.1",
      },
    },
  },
  "packages": {
    "@electron-internal/extract-zip": ["@electron-internal/extract-zip@1.0.5", "", {}, "sha512-+bqFCP98pLI0Tt0XQo1TmlXtwjWchISndDOxCkEcIuUgXWpBnLyRI+2DU+mesvnMMX6L1XDqYNA0lXNDHd/yiA=="],

    "@electron/get": ["@electron/get@5.1.0", "", { "dependencies": { "debug": "^4.1.1", "env-paths": "^3.0.0", "graceful-fs": "^4.2.11", "progress": "^2.0.3", "semver": "^7.6.3", "sumchecker": "^3.0.1" }, "optionalDependencies": { "undici": "^7.24.4" } }, "sha512-3kSBtG8ObcTVfXanm5vVJ6UnBLEVmVsRk1M+vGqCuMBV+XLCbJYuWQful+yIy0GQDsSlK0kHEriEHn7SPk4EnA=="],

    "@koromix/koffi-darwin-arm64": ["@koromix/koffi-darwin-arm64@3.1.6", "", { "os": "darwin", "cpu": "arm64" }, "sha512-8FHyXGCZN7/iQf4f7W5BRysmtdlAFvSx6FpmX4u6wmkZiX/2e9hIRdGLiZYlHGudlcA18UmXB/cMiyhJ7fJkzA=="],

    "@koromix/koffi-darwin-x64": ["@koromix/koffi-darwin-x64@3.1.6", "", { "os": "darwin", "cpu": "x64" }, "sha512-uzx/jqFQuSHqgg1zaRidTBTCfj8Y9M0SDTO8HeoI9s9fJhiJ1mbB9TTwJO5c2hiMnuWg2m1byczC8BaIH6cG/w=="],

    "@koromix/koffi-freebsd-arm64": ["@koromix/koffi-freebsd-arm64@3.1.6", "", { "os": "freebsd", "cpu": "arm64" }, "sha512-PjpTVrsCK5YTtixOw7VsseYXJOyoY6k0qBt+bf0T9h3wyV06y73rALsorFDDEoYpLUBZO7R6EIMs6CpUrEkNTQ=="],

    "@koromix/koffi-freebsd-ia32": ["@koromix/koffi-freebsd-ia32@3.1.6", "", { "os": "freebsd", "cpu": "ia32" }, "sha512-ETYwL820HtFwYoOVzgyvmFmzTHRo9DJtGYTxa5Nb7ajaa5ldCum0jbmUJ3PMECxFTLxD5Q6PYZ8Xbp101bGeSg=="],

    "@koromix/koffi-freebsd-x64": ["@koromix/koffi-freebsd-x64@3.1.6", "", { "os": "freebsd", "cpu": "x64" }, "sha512-BkqxkNXhAAT9toU2stvLwx1iKHPDx7h08NCICyBbjYEXkCAEr84igTkpE5V3XJ9xZZ2gKll7VvdhxorHtHUqZw=="],

    "@koromix/koffi-linux-arm64": ["@koromix/koffi-linux-arm64@3.1.6", "", { "os": "linux", "cpu": "arm64" }, "sha512-cM4XPm9ljbCrcPgXjzFYjDNxDUvvuR7TCYaEoo1AKjwZT/vmWhu2xN3pomfbsHh6aVn80SFA3enufQnaETW1rQ=="],

    "@koromix/koffi-linux-ia32": ["@koromix/koffi-linux-ia32@3.1.6", "", { "os": "linux", "cpu": "ia32" }, "sha512-l1SVTpO10iaQt8slbowJpzK4fbwQZ7ufj9tmCyAcIwWUpyAbPS83mJMctU72If6N9/gCS2wuRqwnYB2uPLLhLg=="],

    "@koromix/koffi-linux-loong64": ["@koromix/koffi-linux-loong64@3.1.6", "", { "os": "linux", "cpu": "none" }, "sha512-KpTJpMSbIdCVFU26ynt0xy4x15h+y6AwPJxj2+iVxJhCzJf4oisCPc0YH2VnutuLV2nVzSrFm7sL/WSOqPgkXw=="],

    "@koromix/koffi-linux-riscv64": ["@koromix/koffi-linux-riscv64@3.1.6", "", { "os": "linux", "cpu": "none" }, "sha512-YdFNpsywnXiYOYQlDAatf7TJLnspbGXdmfwIZhf82kbKSflYUsq4tI6NmoUOzM89oIWDGpYqd4Hz3xL7tsyXsw=="],

    "@koromix/koffi-linux-x64": ["@koromix/koffi-linux-x64@3.1.6", "", { "os": "linux", "cpu": "x64" }, "sha512-Xx5mpr9VcaMCXfvbqIiLIWIL9Iuu6F4r3iMXg7+zZCqYUFZPFwJgiDQBLxctHv2OYgIfAoaaHMW0GC1cJkHfbA=="],

    "@koromix/koffi-openbsd-ia32": ["@koromix/koffi-openbsd-ia32@3.1.6", "", { "os": "openbsd", "cpu": "ia32" }, "sha512-39Np4QTxhTlTT6RRveIeP+TnbzrwuDJ0UMyHxEZ+oGtzmb9GqWhl9T1oyehG6v/O+c4BffafG2NwLkCZ7tDKWw=="],

    "@koromix/koffi-openbsd-x64": ["@koromix/koffi-openbsd-x64@3.1.6", "", { "os": "openbsd", "cpu": "x64" }, "sha512-3EynGn3ycQRqaMWGmUJ0tdtuQdStByqSy/tJ0ZGKWizbMGdFAE73YpgLsyd8BDvwnKWytVG/OLNb5nDHpfd9Dg=="],

    "@koromix/koffi-win32-arm64": ["@koromix/koffi-win32-arm64@3.1.6", "", { "os": "win32", "cpu": "arm64" }, "sha512-27FdPPRtT4xbO9bsd2OZa95M5YQ7bcJ8QjCRO57UUMI21REfkDegjqKwqo/CFlugxXlJf5IYtG2rq4BEYIrvxg=="],

    "@koromix/koffi-win32-ia32": ["@koromix/koffi-win32-ia32@3.1.6", "", { "os": "win32", "cpu": "ia32" }, "sha512-5mVelLKVDup4eoxZOpCzCyMPxoctsg+Qe4J9O5BP4KbBEdqoOEqaNEBBRgNzXcdr2g+GGfmIUo+oVR1NvIdiJw=="],

    "@koromix/koffi-win32-x64": ["@koromix/koffi-win32-x64@3.1.6", "", { "os": "win32", "cpu": "x64" }, "sha512-lPKjAaHz0aoiZXT/wDVqH+joR5y3lCZj1s9Bk5qx/DGRq+0MK8Ib8VoqiBOrJ69NG5AsJSvn0tQDcSqfRgLmBQ=="],

    "@types/node": ["@types/node@24.13.3", "", { "dependencies": { "undici-types": "~7.18.0" } }, "sha512-Dh8vAsV36ig5wa9OX4pXvMc9D3Veibfw2wix0CUwYODLD8nkj9UsLjASr49nPg+2eKzxhBV+v7L8pXvT4e639Q=="],

    "debug": ["debug@4.4.3", "", { "dependencies": { "ms": "^2.1.3" } }, "sha512-RGwwWnwQvkVfavKVt22FGLw+xYSdzARwm0ru6DhTVA3umU5hZc28V3kO4stgYryrTlLpuvgI9GiijltAjNbcqA=="],

    "electron": ["electron@43.4.1", "", { "dependencies": { "@electron-internal/extract-zip": "^1.0.1", "@electron/get": "^5.0.0", "@types/node": "^24.9.0" }, "bin": { "electron": "cli.js", "install-electron": "install.js" } }, "sha512-5b+EuiwkgG5iRcsEL34rimgRpkYp15SsfZOa0pC5kXs0Tb82TH4n95rpQzTZa7yRCbA7tm0WoEbuBL6NaAhAcA=="],

    "env-paths": ["env-paths@3.0.0", "", {}, "sha512-dtJUTepzMW3Lm/NPxRf3wP4642UWhjL2sQxc+ym2YMj1m/H2zDNQOlezafzkHwn6sMstjHTwG6iQQsctDW/b1A=="],

    "graceful-fs": ["graceful-fs@4.2.11", "", {}, "sha512-RbJ5/jmFcNNCcDV5o9eTnBLJ/HszWV0P73bc+Ff4nS/rJj+YaS6IGyiOL0VoBYX+l1Wrl3k63h/KrH+nhJ0XvQ=="],

    "koffi": ["koffi@3.1.6", "", { "optionalDependencies": { "@koromix/koffi-darwin-arm64": "3.1.6", "@koromix/koffi-darwin-x64": "3.1.6", "@koromix/koffi-freebsd-arm64": "3.1.6", "@koromix/koffi-freebsd-ia32": "3.1.6", "@koromix/koffi-freebsd-x64": "3.1.6", "@koromix/koffi-linux-arm64": "3.1.6", "@koromix/koffi-linux-ia32": "3.1.6", "@koromix/koffi-linux-loong64": "3.1.6", "@koromix/koffi-linux-riscv64": "3.1.6", "@koromix/koffi-linux-x64": "3.1.6", "@koromix/koffi-openbsd-ia32": "3.1.6", "@koromix/koffi-openbsd-x64": "3.1.6", "@koromix/koffi-win32-arm64": "3.1.6", "@koromix/koffi-win32-ia32": "3.1.6", "@koromix/koffi-win32-x64": "3.1.6" } }, "sha512-ln60chEb3o7Du1ayjwl6BFiNN1wZK+3cTM2wWGiHLEzCY/FdTIN1ER5VWDwHq7J/j4tSnnrHaH5ABS1EO6+6ag=="],

    "ms": ["ms@2.1.3", "", {}, "sha512-6FlzubTLZG3J2a/NVCAleEhjzq5oxgHyaCU9yYXvcLsvoVaHJq/s5xXI6/XXP6tz7R9xAOtHnSO/tXtF3WRTlA=="],

    "progress": ["progress@2.0.3", "", {}, "sha512-7PiHtLll5LdnKIMw100I+8xJXR5gW2QwWYkT6iJva0bXitZKa/XMrSbdmg3r2Xnaidz9Qumd0VPaMrZlF9V9sA=="],

    "semver": ["semver@7.8.5", "", { "bin": { "semver": "bin/semver.js" } }, "sha512-Y7/KDsb8LjooZpwaqGyulO6DQlksgCncchHGk+sZIY4SBvUocMBEFH5Ur1fI4dV+Jvl0w6cjvucaIi40puRioA=="],

    "sumchecker": ["sumchecker@3.0.1", "", { "dependencies": { "debug": "^4.1.0" } }, "sha512-MvjXzkz/BOfyVDkG0oFOtBxHX2u3gKbMHIF/dXblZsgD3BWOFLmHovIpZY7BykJdAjcqRCBi1WYBNdEC9yI7vg=="],

    "undici": ["undici@7.29.0", "", {}, "sha512-IDxfleLmmbSskfWSUATiN1nfn2rDuvnMOqb5CWR92iIfojA0Ud+ulOAAEQ57LPr9rWmsreUyf5lwyao+7GNNVw=="],

    "undici-types": ["undici-types@7.18.2", "", {}, "sha512-AsuCzffGHJybSaRrmr5eHr81mwJU3kjw6M+uprWvCXiNeN9SOGwQ3Jn8jb8m3Z6izVgknn1R0FTCEAP2QrLY/w=="],
  }
}
